
Microsoft Visual Studio Solution File, Format Version 11.00
# Visual Studio 2010
Project("{FAE04EC0-301F-11D3-BF4B-00C04F79EFBC}") = "PicRank", "PicRank.Web\PicRank.csproj", "{8BFA8532-5799-495C-AA8C-4A6034D535BA}"
EndProject
Project("{FAE04EC0-301F-11D3-BF4B-00C04F79EFBC}") = "PicRank.Logic", "PicRank.Logic\PicRank.Logic.csproj", "{745F4AD9-66B3-436B-9216-5D9885CFB349}"
EndProject
Global
	GlobalSection(SolutionConfigurationPlatforms) = preSolution
		Debug|Any CPU = Debug|Any CPU
		Release|Any CPU = Release|Any CPU
	EndGlobalSection
	GlobalSection(ProjectConfigurationPlatforms) = postSolution
		{8BFA8532-5799-495C-AA8C-4A6034D535BA}.Debug|Any CPU.ActiveCfg = Debug|Any CPU
		{8BFA8532-5799-495C-AA8C-4A6034D535BA}.Debug|Any CPU.Build.0 = Debug|Any CPU
		{8BFA8532-5799-495C-AA8C-4A6034D535BA}.Release|Any CPU.ActiveCfg = Release|Any CPU
		{8BFA8532-5799-495C-AA8C-4A6034D535BA}.Release|Any CPU.Build.0 = Release|Any CPU
		{745F4AD9-66B3-436B-9216-5D9885CFB349}.Debug|Any CPU.ActiveCfg = Debug|Any CPU
		{745F4AD9-66B3-436B-9216-5D9885CFB349}.Debug|Any CPU.Build.0 = Debug|Any CPU
		{745F4AD9-66B3-436B-9216-5D9885CFB349}.Release|Any CPU.ActiveCfg = Release|Any CPU
		{745F4AD9-66B3-436B-9216-5D9885CFB349}.Release|Any CPU.Build.0 = Release|Any CPU
	EndGlobalSection
	GlobalSection(SolutionProperties) = preSolution
		HideSolutionNode = FALSE
	EndGlobalSection
EndGlobal
